
Microsoft Visual Studio Solution File, Format Version 12.00
# Visual Studio Version 17
VisualStudioVersion = 17.0.31815.197
MinimumVisualStudioVersion = 10.0.40219.1
Project("{8BC9CEB8-8B4A-11D0-8D11-00A0C91BC942}") = "libr", "libr\libr.vcxproj", "{091E7C8C-9A2C-4A92-BB87-3F4D2FB8E8EC}"
EndProject
Project("{8BC9CEB8-8B4A-11D0-8D11-00A0C91BC942}") = "dump", "dump\dump.vcxproj", "{7D87DC78-444B-4350-A3A7-A0B533E4C906}"
EndProject
Project("{8BC9CEB8-8B4A-11D0-8D11-00A0C91BC942}") = "mkpat", "mkpat\mkpat.vcxproj", "{AD0800D6-0A6E-499D-A132-B91F991EE9EB}"
EndProject
Project("{8BC9CEB8-8B4A-11D0-8D11-00A0C91BC942}") = "optim", "optim\optim.vcxproj", "{83C36D07-2112-44DD-B48F-5ADAA946B725}"
EndProject
Project("{8BC9CEB8-8B4A-11D0-8D11-00A0C91BC942}") = "cgen", "cgen\cgen.vcxproj", "{1CCBED8D-77FA-4138-B54C-6F6724377F5B}"
EndProject
Project("{8BC9CEB8-8B4A-11D0-8D11-00A0C91BC942}") = "linq", "linq\linq.vcxproj", "{66230EC1-88F0-466C-9EEC-9936459A769F}"
EndProject
Project("{8BC9CEB8-8B4A-11D0-8D11-00A0C91BC942}") = "enhuff", "enhuff\enhuff.vcxproj", "{1ECFB514-3D00-4188-AC54-A7C5DA582B60}"
EndProject
Project("{8BC9CEB8-8B4A-11D0-8D11-00A0C91BC942}") = "cgen4", "cgen4\cgen4.vcxproj", "{57FA9DC8-0137-4D8F-9B6F-4DAFEF09B787}"
EndProject
Project("{8BC9CEB8-8B4A-11D0-8D11-00A0C91BC942}") = "p1", "p1\p1.vcxproj", "{6B219BFE-39CB-4BE9-A9F9-69DBA2D64F9B}"
EndProject
Project("{8BC9CEB8-8B4A-11D0-8D11-00A0C91BC942}") = "libr4", "libr4\libr4.vcxproj", "{6F8C9E63-E8B2-4B71-9994-00DEF9155632}"
EndProject
Project("{8BC9CEB8-8B4A-11D0-8D11-00A0C91BC942}") = "hidump", "hidump\hidump.vcxproj", "{9086A8D7-0C23-4A01-A4C1-51AF858C1180}"
EndProject
Project("{8BC9CEB8-8B4A-11D0-8D11-00A0C91BC942}") = "zas", "zas\zas.vcxproj", "{B962FA3D-2C42-4765-9DD5-19E985AA3A8B}"
EndProject
Global
	GlobalSection(SolutionConfigurationPlatforms) = preSolution
		Debug|x64 = Debug|x64
		Debug|x86 = Debug|x86
		Release|x64 = Release|x64
		Release|x86 = Release|x86
	EndGlobalSection
	GlobalSection(ProjectConfigurationPlatforms) = postSolution
		{091E7C8C-9A2C-4A92-BB87-3F4D2FB8E8EC}.Debug|x64.ActiveCfg = Debug|x64
		{091E7C8C-9A2C-4A92-BB87-3F4D2FB8E8EC}.Debug|x64.Build.0 = Debug|x64
		{091E7C8C-9A2C-4A92-BB87-3F4D2FB8E8EC}.Debug|x86.ActiveCfg = Debug|Win32
		{091E7C8C-9A2C-4A92-BB87-3F4D2FB8E8EC}.Debug|x86.Build.0 = Debug|Win32
		{091E7C8C-9A2C-4A92-BB87-3F4D2FB8E8EC}.Release|x64.ActiveCfg = Release|x64
		{091E7C8C-9A2C-4A92-BB87-3F4D2FB8E8EC}.Release|x64.Build.0 = Release|x64
		{091E7C8C-9A2C-4A92-BB87-3F4D2FB8E8EC}.Release|x86.ActiveCfg = Release|Win32
		{091E7C8C-9A2C-4A92-BB87-3F4D2FB8E8EC}.Release|x86.Build.0 = Release|Win32
		{7D87DC78-444B-4350-A3A7-A0B533E4C906}.Debug|x64.ActiveCfg = Debug|x64
		{7D87DC78-444B-4350-A3A7-A0B533E4C906}.Debug|x64.Build.0 = Debug|x64
		{7D87DC78-444B-4350-A3A7-A0B533E4C906}.Debug|x86.ActiveCfg = Debug|Win32
		{7D87DC78-444B-4350-A3A7-A0B533E4C906}.Debug|x86.Build.0 = Debug|Win32
		{7D87DC78-444B-4350-A3A7-A0B533E4C906}.Release|x64.ActiveCfg = Release|x64
		{7D87DC78-444B-4350-A3A7-A0B533E4C906}.Release|x64.Build.0 = Release|x64
		{7D87DC78-444B-4350-A3A7-A0B533E4C906}.Release|x86.ActiveCfg = Release|Win32
		{7D87DC78-444B-4350-A3A7-A0B533E4C906}.Release|x86.Build.0 = Release|Win32
		{AD0800D6-0A6E-499D-A132-B91F991EE9EB}.Debug|x64.ActiveCfg = Debug|x64
		{AD0800D6-0A6E-499D-A132-B91F991EE9EB}.Debug|x64.Build.0 = Debug|x64
		{AD0800D6-0A6E-499D-A132-B91F991EE9EB}.Debug|x86.ActiveCfg = Debug|Win32
		{AD0800D6-0A6E-499D-A132-B91F991EE9EB}.Debug|x86.Build.0 = Debug|Win32
		{AD0800D6-0A6E-499D-A132-B91F991EE9EB}.Release|x64.ActiveCfg = Release|x64
		{AD0800D6-0A6E-499D-A132-B91F991EE9EB}.Release|x64.Build.0 = Release|x64
		{AD0800D6-0A6E-499D-A132-B91F991EE9EB}.Release|x86.ActiveCfg = Release|Win32
		{AD0800D6-0A6E-499D-A132-B91F991EE9EB}.Release|x86.Build.0 = Release|Win32
		{83C36D07-2112-44DD-B48F-5ADAA946B725}.Debug|x64.ActiveCfg = Debug|x64
		{83C36D07-2112-44DD-B48F-5ADAA946B725}.Debug|x64.Build.0 = Debug|x64
		{83C36D07-2112-44DD-B48F-5ADAA946B725}.Debug|x86.ActiveCfg = Debug|Win32
		{83C36D07-2112-44DD-B48F-5ADAA946B725}.Debug|x86.Build.0 = Debug|Win32
		{83C36D07-2112-44DD-B48F-5ADAA946B725}.Release|x64.ActiveCfg = Release|x64
		{83C36D07-2112-44DD-B48F-5ADAA946B725}.Release|x64.Build.0 = Release|x64
		{83C36D07-2112-44DD-B48F-5ADAA946B725}.Release|x86.ActiveCfg = Release|Win32
		{83C36D07-2112-44DD-B48F-5ADAA946B725}.Release|x86.Build.0 = Release|Win32
		{1CCBED8D-77FA-4138-B54C-6F6724377F5B}.Debug|x64.ActiveCfg = Debug|x64
		{1CCBED8D-77FA-4138-B54C-6F6724377F5B}.Debug|x64.Build.0 = Debug|x64
		{1CCBED8D-77FA-4138-B54C-6F6724377F5B}.Debug|x86.ActiveCfg = Debug|Win32
		{1CCBED8D-77FA-4138-B54C-6F6724377F5B}.Debug|x86.Build.0 = Debug|Win32
		{1CCBED8D-77FA-4138-B54C-6F6724377F5B}.Release|x64.ActiveCfg = Release|x64
		{1CCBED8D-77FA-4138-B54C-6F6724377F5B}.Release|x64.Build.0 = Release|x64
		{1CCBED8D-77FA-4138-B54C-6F6724377F5B}.Release|x86.ActiveCfg = Release|Win32
		{1CCBED8D-77FA-4138-B54C-6F6724377F5B}.Release|x86.Build.0 = Release|Win32
		{66230EC1-88F0-466C-9EEC-9936459A769F}.Debug|x64.ActiveCfg = Debug|x64
		{66230EC1-88F0-466C-9EEC-9936459A769F}.Debug|x64.Build.0 = Debug|x64
		{66230EC1-88F0-466C-9EEC-9936459A769F}.Debug|x86.ActiveCfg = Debug|Win32
		{66230EC1-88F0-466C-9EEC-9936459A769F}.Debug|x86.Build.0 = Debug|Win32
		{66230EC1-88F0-466C-9EEC-9936459A769F}.Release|x64.ActiveCfg = Release|x64
		{66230EC1-88F0-466C-9EEC-9936459A769F}.Release|x64.Build.0 = Release|x64
		{66230EC1-88F0-466C-9EEC-9936459A769F}.Release|x86.ActiveCfg = Release|Win32
		{66230EC1-88F0-466C-9EEC-9936459A769F}.Release|x86.Build.0 = Release|Win32
		{1ECFB514-3D00-4188-AC54-A7C5DA582B60}.Debug|x64.ActiveCfg = Debug|x64
		{1ECFB514-3D00-4188-AC54-A7C5DA582B60}.Debug|x64.Build.0 = Debug|x64
		{1ECFB514-3D00-4188-AC54-A7C5DA582B60}.Debug|x86.ActiveCfg = Debug|Win32
		{1ECFB514-3D00-4188-AC54-A7C5DA582B60}.Debug|x86.Build.0 = Debug|Win32
		{1ECFB514-3D00-4188-AC54-A7C5DA582B60}.Release|x64.ActiveCfg = Release|x64
		{1ECFB514-3D00-4188-AC54-A7C5DA582B60}.Release|x64.Build.0 = Release|x64
		{1ECFB514-3D00-4188-AC54-A7C5DA582B60}.Release|x86.ActiveCfg = Release|Win32
		{1ECFB514-3D00-4188-AC54-A7C5DA582B60}.Release|x86.Build.0 = Release|Win32
		{57FA9DC8-0137-4D8F-9B6F-4DAFEF09B787}.Debug|x64.ActiveCfg = Debug|x64
		{57FA9DC8-0137-4D8F-9B6F-4DAFEF09B787}.Debug|x64.Build.0 = Debug|x64
		{57FA9DC8-0137-4D8F-9B6F-4DAFEF09B787}.Debug|x86.ActiveCfg = Debug|Win32
		{57FA9DC8-0137-4D8F-9B6F-4DAFEF09B787}.Debug|x86.Build.0 = Debug|Win32
		{57FA9DC8-0137-4D8F-9B6F-4DAFEF09B787}.Release|x64.ActiveCfg = Release|x64
		{57FA9DC8-0137-4D8F-9B6F-4DAFEF09B787}.Release|x64.Build.0 = Release|x64
		{57FA9DC8-0137-4D8F-9B6F-4DAFEF09B787}.Release|x86.ActiveCfg = Release|Win32
		{57FA9DC8-0137-4D8F-9B6F-4DAFEF09B787}.Release|x86.Build.0 = Release|Win32
		{6B219BFE-39CB-4BE9-A9F9-69DBA2D64F9B}.Debug|x64.ActiveCfg = Debug|x64
		{6B219BFE-39CB-4BE9-A9F9-69DBA2D64F9B}.Debug|x64.Build.0 = Debug|x64
		{6B219BFE-39CB-4BE9-A9F9-69DBA2D64F9B}.Debug|x86.ActiveCfg = Debug|Win32
		{6B219BFE-39CB-4BE9-A9F9-69DBA2D64F9B}.Debug|x86.Build.0 = Debug|Win32
		{6B219BFE-39CB-4BE9-A9F9-69DBA2D64F9B}.Release|x64.ActiveCfg = Release|x64
		{6B219BFE-39CB-4BE9-A9F9-69DBA2D64F9B}.Release|x64.Build.0 = Release|x64
		{6B219BFE-39CB-4BE9-A9F9-69DBA2D64F9B}.Release|x86.ActiveCfg = Release|Win32
		{6B219BFE-39CB-4BE9-A9F9-69DBA2D64F9B}.Release|x86.Build.0 = Release|Win32
		{6F8C9E63-E8B2-4B71-9994-00DEF9155632}.Debug|x64.ActiveCfg = Debug|x64
		{6F8C9E63-E8B2-4B71-9994-00DEF9155632}.Debug|x64.Build.0 = Debug|x64
		{6F8C9E63-E8B2-4B71-9994-00DEF9155632}.Debug|x86.ActiveCfg = Debug|Win32
		{6F8C9E63-E8B2-4B71-9994-00DEF9155632}.Debug|x86.Build.0 = Debug|Win32
		{6F8C9E63-E8B2-4B71-9994-00DEF9155632}.Release|x64.ActiveCfg = Release|x64
		{6F8C9E63-E8B2-4B71-9994-00DEF9155632}.Release|x64.Build.0 = Release|x64
		{6F8C9E63-E8B2-4B71-9994-00DEF9155632}.Release|x86.ActiveCfg = Release|Win32
		{6F8C9E63-E8B2-4B71-9994-00DEF9155632}.Release|x86.Build.0 = Release|Win32
		{9086A8D7-0C23-4A01-A4C1-51AF858C1180}.Debug|x64.ActiveCfg = Debug|x64
		{9086A8D7-0C23-4A01-A4C1-51AF858C1180}.Debug|x64.Build.0 = Debug|x64
		{9086A8D7-0C23-4A01-A4C1-51AF858C1180}.Debug|x86.ActiveCfg = Debug|Win32
		{9086A8D7-0C23-4A01-A4C1-51AF858C1180}.Debug|x86.Build.0 = Debug|Win32
		{9086A8D7-0C23-4A01-A4C1-51AF858C1180}.Release|x64.ActiveCfg = Release|x64
		{9086A8D7-0C23-4A01-A4C1-51AF858C1180}.Release|x64.Build.0 = Release|x64
		{9086A8D7-0C23-4A01-A4C1-51AF858C1180}.Release|x86.ActiveCfg = Release|Win32
		{9086A8D7-0C23-4A01-A4C1-51AF858C1180}.Release|x86.Build.0 = Release|Win32
		{B962FA3D-2C42-4765-9DD5-19E985AA3A8B}.Debug|x64.ActiveCfg = Debug|x64
		{B962FA3D-2C42-4765-9DD5-19E985AA3A8B}.Debug|x64.Build.0 = Debug|x64
		{B962FA3D-2C42-4765-9DD5-19E985AA3A8B}.Debug|x86.ActiveCfg = Debug|Win32
		{B962FA3D-2C42-4765-9DD5-19E985AA3A8B}.Debug|x86.Build.0 = Debug|Win32
		{B962FA3D-2C42-4765-9DD5-19E985AA3A8B}.Release|x64.ActiveCfg = Release|x64
		{B962FA3D-2C42-4765-9DD5-19E985AA3A8B}.Release|x64.Build.0 = Release|x64
		{B962FA3D-2C42-4765-9DD5-19E985AA3A8B}.Release|x86.ActiveCfg = Release|Win32
		{B962FA3D-2C42-4765-9DD5-19E985AA3A8B}.Release|x86.Build.0 = Release|Win32
	EndGlobalSection
	GlobalSection(SolutionProperties) = preSolution
		HideSolutionNode = FALSE
	EndGlobalSection
	GlobalSection(ExtensibilityGlobals) = postSolution
		SolutionGuid = {05481138-B290-4E03-9CC6-7D915B511A74}
	EndGlobalSection
EndGlobal
